// !$*UTF8*$!
{
	archiveVersion = 1;
	classes = {
	};
	objectVersion = 46;
	objects = {

/* Begin PBXBuildFile section */
		59D2E27D1D6CBC0500DDD9F0 /* HttpTaskType.swift in Sources */ = {isa = PBXBuildFile; fileRef = 59D2E27C1D6CBC0500DDD9F0 /* HttpTaskType.swift */; };
		B121B3DF1D6C272800C498C8 /* AppDelegate.swift in Sources */ = {isa = PBXBuildFile; fileRef = B121B3DE1D6C272800C498C8 /* AppDelegate.swift */; };
		B121B3E41D6C272800C498C8 /* Main.storyboard in Resources */ = {isa = PBXBuildFile; fileRef = B121B3E21D6C272800C498C8 /* Main.storyboard */; };
		B121B3E61D6C272800C498C8 /* Assets.xcassets in Resources */ = {isa = PBXBuildFile; fileRef = B121B3E51D6C272800C498C8 /* Assets.xcassets */; };
		B121B3E91D6C272800C498C8 /* LaunchScreen.storyboard in Resources */ = {isa = PBXBuildFile; fileRef = B121B3E71D6C272800C498C8 /* LaunchScreen.storyboard */; };
		B121B3F41D6C272800C498C8 /* GithubApiDemoTests.swift in Sources */ = {isa = PBXBuildFile; fileRef = B121B3F31D6C272800C498C8 /* GithubApiDemoTests.swift */; };
		B121B3FF1D6C272800C498C8 /* GithubApiDemoUITests.swift in Sources */ = {isa = PBXBuildFile; fileRef = B121B3FE1D6C272800C498C8 /* GithubApiDemoUITests.swift */; };
		B1BAA5BB1D6D5F97003C0C52 /* NSURLResponse+Extension.swift in Sources */ = {isa = PBXBuildFile; fileRef = B1BAA5BA1D6D5F97003C0C52 /* NSURLResponse+Extension.swift */; };
		B1BAA5BE1D6D6EC0003C0C52 /* BaseViewController.swift in Sources */ = {isa = PBXBuildFile; fileRef = B1BAA5BD1D6D6EC0003C0C52 /* BaseViewController.swift */; };
		B1BAA5C01D6D7F5B003C0C52 /* Repositories.swift in Sources */ = {isa = PBXBuildFile; fileRef = B1BAA5BF1D6D7F5B003C0C52 /* Repositories.swift */; };
		B1BAA5C21D6D8C32003C0C52 /* Constants.swift in Sources */ = {isa = PBXBuildFile; fileRef = B1BAA5C11D6D8C32003C0C52 /* Constants.swift */; };
		B1BAA5C81D6D9B5A003C0C52 /* RepositoryTableViewCell.swift in Sources */ = {isa = PBXBuildFile; fileRef = B1BAA5C61D6D9B5A003C0C52 /* RepositoryTableViewCell.swift */; };
		B1BAA5C91D6D9B5A003C0C52 /* RepositoryTableViewCell.xib in Resources */ = {isa = PBXBuildFile; fileRef = B1BAA5C71D6D9B5A003C0C52 /* RepositoryTableViewCell.xib */; };
		B1E19DE51D6C2B28003A28CE /* github.plist in Resources */ = {isa = PBXBuildFile; fileRef = B1E19DE41D6C2B28003A28CE /* github.plist */; };
		B1E19DE91D6C30ED003A28CE /* SearchTableViewController.swift in Sources */ = {isa = PBXBuildFile; fileRef = B1E19DE81D6C30ED003A28CE /* SearchTableViewController.swift */; };
		B1E19DEB1D6C3119003A28CE /* ViewController.swift in Sources */ = {isa = PBXBuildFile; fileRef = B1E19DEA1D6C3119003A28CE /* ViewController.swift */; };
		B1E19DEF1D6C64F4003A28CE /* localization.strings in Resources */ = {isa = PBXBuildFile; fileRef = B1E19DF11D6C64F4003A28CE /* localization.strings */; };
		B1E19DF41D6C80F7003A28CE /* HttpTasksHandler.swift in Sources */ = {isa = PBXBuildFile; fileRef = B1E19DF31D6C80F7003A28CE /* HttpTasksHandler.swift */; };
		B1E19DF71D6C82B7003A28CE /* UrlBuilder.swift in Sources */ = {isa = PBXBuildFile; fileRef = B1E19DF61D6C82B7003A28CE /* UrlBuilder.swift */; };
/* End PBXBuildFile section */

/* Begin PBXContainerItemProxy section */
		B121B3F01D6C272800C498C8 /* PBXContainerItemProxy */ = {
			isa = PBXContainerItemProxy;
			containerPortal = B121B3D31D6C272700C498C8 /* Project object */;
			proxyType = 1;
			remoteGlobalIDString = B121B3DA1D6C272700C498C8;
			remoteInfo = GithubApiDemo;
		};
		B121B3FB1D6C272800C498C8 /* PBXContainerItemProxy */ = {
			isa = PBXContainerItemProxy;
			containerPortal = B121B3D31D6C272700C498C8 /* Project object */;
			proxyType = 1;
			remoteGlobalIDString = B121B3DA1D6C272700C498C8;
			remoteInfo = GithubApiDemo;
		};
/* End PBXContainerItemProxy section */

/* Begin PBXFileReference section */
		59D2E27C1D6CBC0500DDD9F0 /* HttpTaskType.swift */ = {isa = PBXFileReference; fileEncoding = 4; lastKnownFileType = sourcecode.swift; name = HttpTaskType.swift; path = Tasks/HttpTaskType.swift; sourceTree = "<group>"; };
		B121B3DB1D6C272700C498C8 /* GithubApiDemo.app */ = {isa = PBXFileReference; explicitFileType = wrapper.application; includeInIndex = 0; path = GithubApiDemo.app; sourceTree = BUILT_PRODUCTS_DIR; };
		B121B3DE1D6C272800C498C8 /* AppDelegate.swift */ = {isa = PBXFileReference; lastKnownFileType = sourcecode.swift; path = AppDelegate.swift; sourceTree = "<group>"; };
		B121B3E31D6C272800C498C8 /* Base */ = {isa = PBXFileReference; lastKnownFileType = file.storyboard; name = Base; path = Base.lproj/Main.storyboard; sourceTree = "<group>"; };
		B121B3E51D6C272800C498C8 /* Assets.xcassets */ = {isa = PBXFileReference; lastKnownFileType = folder.assetcatalog; path = Assets.xcassets; sourceTree = "<group>"; };
		B121B3E81D6C272800C498C8 /* Base */ = {isa = PBXFileReference; lastKnownFileType = file.storyboard; name = Base; path = Base.lproj/LaunchScreen.storyboard; sourceTree = "<group>"; };
		B121B3EA1D6C272800C498C8 /* Info.plist */ = {isa = PBXFileReference; lastKnownFileType = text.plist.xml; path = Info.plist; sourceTree = "<group>"; };
		B121B3EF1D6C272800C498C8 /* GithubApiDemoTests.xctest */ = {isa = PBXFileReference; explicitFileType = wrapper.cfbundle; includeInIndex = 0; path = GithubApiDemoTests.xctest; sourceTree = BUILT_PRODUCTS_DIR; };
		B121B3F31D6C272800C498C8 /* GithubApiDemoTests.swift */ = {isa = PBXFileReference; lastKnownFileType = sourcecode.swift; path = GithubApiDemoTests.swift; sourceTree = "<group>"; };
		B121B3F51D6C272800C498C8 /* Info.plist */ = {isa = PBXFileReference; lastKnownFileType = text.plist.xml; path = Info.plist; sourceTree = "<group>"; };
		B121B3FA1D6C272800C498C8 /* GithubApiDemoUITests.xctest */ = {isa = PBXFileReference; explicitFileType = wrapper.cfbundle; includeInIndex = 0; path = GithubApiDemoUITests.xctest; sourceTree = BUILT_PRODUCTS_DIR; };
		B121B3FE1D6C272800C498C8 /* GithubApiDemoUITests.swift */ = {isa = PBXFileReference; lastKnownFileType = sourcecode.swift; path = GithubApiDemoUITests.swift; sourceTree = "<group>"; };
		B121B4001D6C272800C498C8 /* Info.plist */ = {isa = PBXFileReference; lastKnownFileType = text.plist.xml; path = Info.plist; sourceTree = "<group>"; };
		B1BAA5BA1D6D5F97003C0C52 /* NSURLResponse+Extension.swift */ = {isa = PBXFileReference; fileEncoding = 4; lastKnownFileType = sourcecode.swift; name = "NSURLResponse+Extension.swift"; path = "Extensions/NSURLResponse+Extension.swift"; sourceTree = "<group>"; };
		B1BAA5BD1D6D6EC0003C0C52 /* BaseViewController.swift */ = {isa = PBXFileReference; fileEncoding = 4; lastKnownFileType = sourcecode.swift; name = BaseViewController.swift; path = Base/BaseViewController.swift; sourceTree = "<group>"; };
		B1BAA5BF1D6D7F5B003C0C52 /* Repositories.swift */ = {isa = PBXFileReference; fileEncoding = 4; lastKnownFileType = sourcecode.swift; name = Repositories.swift; path = Model/Repositories.swift; sourceTree = "<group>"; };
		B1BAA5C11D6D8C32003C0C52 /* Constants.swift */ = {isa = PBXFileReference; fileEncoding = 4; lastKnownFileType = sourcecode.swift; path = Constants.swift; sourceTree = "<group>"; };
		B1BAA5C61D6D9B5A003C0C52 /* RepositoryTableViewCell.swift */ = {isa = PBXFileReference; fileEncoding = 4; lastKnownFileType = sourcecode.swift; name = RepositoryTableViewCell.swift; path = Views/Xib/RepositoryTableViewCell.swift; sourceTree = "<group>"; };
		B1BAA5C71D6D9B5A003C0C52 /* RepositoryTableViewCell.xib */ = {isa = PBXFileReference; fileEncoding = 4; lastKnownFileType = file.xib; name = RepositoryTableViewCell.xib; path = Views/Xib/RepositoryTableViewCell.xib; sourceTree = "<group>"; };
		B1E19DE41D6C2B28003A28CE /* github.plist */ = {isa = PBXFileReference; fileEncoding = 4; lastKnownFileType = text.plist.xml; path = github.plist; sourceTree = "<group>"; };
		B1E19DE81D6C30ED003A28CE /* SearchTableViewController.swift */ = {isa = PBXFileReference; fileEncoding = 4; lastKnownFileType = sourcecode.swift; name = SearchTableViewController.swift; path = ViewControllers/SearchTableViewController.swift; sourceTree = "<group>"; };
		B1E19DEA1D6C3119003A28CE /* ViewController.swift */ = {isa = PBXFileReference; fileEncoding = 4; lastKnownFileType = sourcecode.swift; name = ViewController.swift; path = ViewControllers/ViewController.swift; sourceTree = "<group>"; };
		B1E19DF01D6C64F4003A28CE /* en */ = {isa = PBXFileReference; lastKnownFileType = text.plist.strings; name = en; path = en.lproj/localization.strings; sourceTree = "<group>"; };
		B1E19DF31D6C80F7003A28CE /* HttpTasksHandler.swift */ = {isa = PBXFileReference; fileEncoding = 4; lastKnownFileType = sourcecode.swift; name = HttpTasksHandler.swift; path = Tasks/HttpTasksHandler.swift; sourceTree = "<group>"; };
		B1E19DF61D6C82B7003A28CE /* UrlBuilder.swift */ = {isa = PBXFileReference; fileEncoding = 4; lastKnownFileType = sourcecode.swift; name = UrlBuilder.swift; path = Helpers/UrlBuilder.swift; sourceTree = "<group>"; };
/* End PBXFileReference section */

/* Begin PBXFrameworksBuildPhase section */
		B121B3D81D6C272700C498C8 /* Frameworks */ = {
			isa = PBXFrameworksBuildPhase;
			buildActionMask = 2147483647;
			files = (
			);
			runOnlyForDeploymentPostprocessing = 0;
		};
		B121B3EC1D6C272800C498C8 /* Frameworks */ = {
			isa = PBXFrameworksBuildPhase;
			buildActionMask = 2147483647;
			files = (
			);
			runOnlyForDeploymentPostprocessing = 0;
		};
		B121B3F71D6C272800C498C8 /* Frameworks */ = {
			isa = PBXFrameworksBuildPhase;
			buildActionMask = 2147483647;
			files = (
			);
			runOnlyForDeploymentPostprocessing = 0;
		};
/* End PBXFrameworksBuildPhase section */

/* Begin PBXGroup section */
		B121B3D21D6C272700C498C8 = {
			isa = PBXGroup;
			children = (
				B121B3DD1D6C272800C498C8 /* GithubApiDemo */,
				B121B3F21D6C272800C498C8 /* GithubApiDemoTests */,
				B121B3FD1D6C272800C498C8 /* GithubApiDemoUITests */,
				B121B3DC1D6C272700C498C8 /* Products */,
			);
			sourceTree = "<group>";
		};
		B121B3DC1D6C272700C498C8 /* Products */ = {
			isa = PBXGroup;
			children = (
				B121B3DB1D6C272700C498C8 /* GithubApiDemo.app */,
				B121B3EF1D6C272800C498C8 /* GithubApiDemoTests.xctest */,
				B121B3FA1D6C272800C498C8 /* GithubApiDemoUITests.xctest */,
			);
			name = Products;
			sourceTree = "<group>";
		};
		B121B3DD1D6C272800C498C8 /* GithubApiDemo */ = {
			isa = PBXGroup;
			children = (
				B1BAA5C31D6D9AF3003C0C52 /* Views */,
				B1BAA5BC1D6D6E47003C0C52 /* Base */,
				B1BAA5B91D6D5F71003C0C52 /* Extensions */,
				B1E19DF51D6C8292003A28CE /* Helpers */,
				B1E19DF21D6C7F6C003A28CE /* Tasks */,
				B1E19DE71D6C2F73003A28CE /* Model */,
				B1E19DE61D6C2F52003A28CE /* ViewControllers */,
				B121B3DE1D6C272800C498C8 /* AppDelegate.swift */,
				B1E19DEE1D6C5F3D003A28CE /* Resources */,
				B121B3E51D6C272800C498C8 /* Assets.xcassets */,
				B121B3EA1D6C272800C498C8 /* Info.plist */,
				B1E19DE41D6C2B28003A28CE /* github.plist */,
			);
			path = GithubApiDemo;
			sourceTree = "<group>";
		};
		B121B3F21D6C272800C498C8 /* GithubApiDemoTests */ = {
			isa = PBXGroup;
			children = (
				B121B3F31D6C272800C498C8 /* GithubApiDemoTests.swift */,
				B121B3F51D6C272800C498C8 /* Info.plist */,
			);
			path = GithubApiDemoTests;
			sourceTree = "<group>";
		};
		B121B3FD1D6C272800C498C8 /* GithubApiDemoUITests */ = {
			isa = PBXGroup;
			children = (
				B121B3FE1D6C272800C498C8 /* GithubApiDemoUITests.swift */,
				B121B4001D6C272800C498C8 /* Info.plist */,
			);
			path = GithubApiDemoUITests;
			sourceTree = "<group>";
		};
		B1BAA5B91D6D5F71003C0C52 /* Extensions */ = {
			isa = PBXGroup;
			children = (
				B1BAA5BA1D6D5F97003C0C52 /* NSURLResponse+Extension.swift */,
			);
			name = Extensions;
			sourceTree = "<group>";
		};
		B1BAA5BC1D6D6E47003C0C52 /* Base */ = {
			isa = PBXGroup;
			children = (
				B1BAA5BD1D6D6EC0003C0C52 /* BaseViewController.swift */,
			);
			name = Base;
			sourceTree = "<group>";
		};
		B1BAA5C31D6D9AF3003C0C52 /* Views */ = {
			isa = PBXGroup;
			children = (
				B1BAA5C51D6D9B0B003C0C52 /* Xib */,
				B1BAA5C41D6D9B02003C0C52 /* Cells */,
			);
			name = Views;
			sourceTree = "<group>";
		};
		B1BAA5C41D6D9B02003C0C52 /* Cells */ = {
			isa = PBXGroup;
			children = (
				B1BAA5C61D6D9B5A003C0C52 /* RepositoryTableViewCell.swift */,
			);
			name = Cells;
			sourceTree = "<group>";
		};
		B1BAA5C51D6D9B0B003C0C52 /* Xib */ = {
			isa = PBXGroup;
			children = (
				B1BAA5C71D6D9B5A003C0C52 /* RepositoryTableViewCell.xib */,
			);
			name = Xib;
			sourceTree = "<group>";
		};
		B1E19DE61D6C2F52003A28CE /* ViewControllers */ = {
			isa = PBXGroup;
			children = (
				B1E19DE81D6C30ED003A28CE /* SearchTableViewController.swift */,
				B1E19DEA1D6C3119003A28CE /* ViewController.swift */,
			);
			name = ViewControllers;
			sourceTree = "<group>";
		};
		B1E19DE71D6C2F73003A28CE /* Model */ = {
			isa = PBXGroup;
			children = (
				B1BAA5BF1D6D7F5B003C0C52 /* Repositories.swift */,
			);
			name = Model;
			sourceTree = "<group>";
		};
		B1E19DEE1D6C5F3D003A28CE /* Resources */ = {
			isa = PBXGroup;
			children = (
				B121B3E21D6C272800C498C8 /* Main.storyboard */,
				B121B3E71D6C272800C498C8 /* LaunchScreen.storyboard */,
				B1E19DF11D6C64F4003A28CE /* localization.strings */,
			);
			name = Resources;
			sourceTree = "<group>";
		};
		B1E19DF21D6C7F6C003A28CE /* Tasks */ = {
			isa = PBXGroup;
			children = (
				B1E19DF31D6C80F7003A28CE /* HttpTasksHandler.swift */,
				59D2E27C1D6CBC0500DDD9F0 /* HttpTaskType.swift */,
			);
			name = Tasks;
			sourceTree = "<group>";
		};
		B1E19DF51D6C8292003A28CE /* Helpers */ = {
			isa = PBXGroup;
			children = (
				B1E19DF61D6C82B7003A28CE /* UrlBuilder.swift */,
				B1BAA5C11D6D8C32003C0C52 /* Constants.swift */,
			);
			name = Helpers;
			sourceTree = "<group>";
		};
/* End PBXGroup section */

/* Begin PBXNativeTarget section */
		B121B3DA1D6C272700C498C8 /* GithubApiDemo */ = {
			isa = PBXNativeTarget;
			buildConfigurationList = B121B4031D6C272800C498C8 /* Build configuration list for PBXNativeTarget "GithubApiDemo" */;
			buildPhases = (
				B121B3D71D6C272700C498C8 /* Sources */,
				B121B3D81D6C272700C498C8 /* Frameworks */,
				B121B3D91D6C272700C498C8 /* Resources */,
			);
			buildRules = (
			);
			dependencies = (
			);
			name = GithubApiDemo;
			productName = GithubApiDemo;
			productReference = B121B3DB1D6C272700C498C8 /* GithubApiDemo.app */;
			productType = "com.apple.product-type.application";
		};
		B121B3EE1D6C272800C498C8 /* GithubApiDemoTests */ = {
			isa = PBXNativeTarget;
			buildConfigurationList = B121B4061D6C272800C498C8 /* Build configuration list for PBXNativeTarget "GithubApiDemoTests" */;
			buildPhases = (
				B121B3EB1D6C272800C498C8 /* Sources */,
				B121B3EC1D6C272800C498C8 /* Frameworks */,
				B121B3ED1D6C272800C498C8 /* Resources */,
			);
			buildRules = (
			);
			dependencies = (
				B121B3F11D6C272800C498C8 /* PBXTargetDependency */,
			);
			name = GithubApiDemoTests;
			productName = GithubApiDemoTests;
			productReference = B121B3EF1D6C272800C498C8 /* GithubApiDemoTests.xctest */;
			productType = "com.apple.product-type.bundle.unit-test";
		};
		B121B3F91D6C272800C498C8 /* GithubApiDemoUITests */ = {
			isa = PBXNativeTarget;
			buildConfigurationList = B121B4091D6C272800C498C8 /* Build configuration list for PBXNativeTarget "GithubApiDemoUITests" */;
			buildPhases = (
				B121B3F61D6C272800C498C8 /* Sources */,
				B121B3F71D6C272800C498C8 /* Frameworks */,
				B121B3F81D6C272800C498C8 /* Resources */,
			);
			buildRules = (
			);
			dependencies = (
				B121B3FC1D6C272800C498C8 /* PBXTargetDependency */,
			);
			name = GithubApiDemoUITests;
			productName = GithubApiDemoUITests;
			productReference = B121B3FA1D6C272800C498C8 /* GithubApiDemoUITests.xctest */;
			productType = "com.apple.product-type.bundle.ui-testing";
		};
/* End PBXNativeTarget section */

/* Begin PBXProject section */
		B121B3D31D6C272700C498C8 /* Project object */ = {
			isa = PBXProject;
			attributes = {
				LastSwiftUpdateCheck = 0730;
				LastUpgradeCheck = 0730;
				ORGANIZATIONNAME = "DP Samant";
				TargetAttributes = {
					B121B3DA1D6C272700C498C8 = {
						CreatedOnToolsVersion = 7.3.1;
					};
					B121B3EE1D6C272800C498C8 = {
						CreatedOnToolsVersion = 7.3.1;
						TestTargetID = B121B3DA1D6C272700C498C8;
					};
					B121B3F91D6C272800C498C8 = {
						CreatedOnToolsVersion = 7.3.1;
						TestTargetID = B121B3DA1D6C272700C498C8;
					};
				};
			};
			buildConfigurationList = B121B3D61D6C272700C498C8 /* Build configuration list for PBXProject "GithubApiDemo" */;
			compatibilityVersion = "Xcode 3.2";
			developmentRegion = English;
			hasScannedForEncodings = 0;
			knownRegions = (
				en,
				Base,
			);
			mainGroup = B121B3D21D6C272700C498C8;
			productRefGroup = B121B3DC1D6C272700C498C8 /* Products */;
			projectDirPath = "";
			projectRoot = "";
			targets = (
				B121B3DA1D6C272700C498C8 /* GithubApiDemo */,
				B121B3EE1D6C272800C498C8 /* GithubApiDemoTests */,
				B121B3F91D6C272800C498C8 /* GithubApiDemoUITests */,
			);
		};
/* End PBXProject section */

/* Begin PBXResourcesBuildPhase section */
		B121B3D91D6C272700C498C8 /* Resources */ = {
			isa = PBXResourcesBuildPhase;
			buildActionMask = 2147483647;
			files = (
				B121B3E91D6C272800C498C8 /* LaunchScreen.storyboard in Resources */,
				B1E19DE51D6C2B28003A28CE /* github.plist in Resources */,
				B1E19DEF1D6C64F4003A28CE /* localization.strings in Resources */,
				B1BAA5C91D6D9B5A003C0C52 /* RepositoryTableViewCell.xib in Resources */,
				B121B3E61D6C272800C498C8 /* Assets.xcassets in Resources */,
				B121B3E41D6C272800C498C8 /* Main.storyboard in Resources */,
			);
			runOnlyForDeploymentPostprocessing = 0;
		};
		B121B3ED1D6C272800C498C8 /* Resources */ = {
			isa = PBXResourcesBuildPhase;
			buildActionMask = 2147483647;
			files = (
			);
			runOnlyForDeploymentPostprocessing = 0;
		};
		B121B3F81D6C272800C498C8 /* Resources */ = {
			isa = PBXResourcesBuildPhase;
			buildActionMask = 2147483647;
			files = (
			);
			runOnlyForDeploymentPostprocessing = 0;
		};
/* End PBXResourcesBuildPhase section */

/* Begin PBXSourcesBuildPhase section */
		B121B3D71D6C272700C498C8 /* Sources */ = {
			isa = PBXSourcesBuildPhase;
			buildActionMask = 2147483647;
			files = (
				B1E19DF71D6C82B7003A28CE /* UrlBuilder.swift in Sources */,
				B1E19DEB1D6C3119003A28CE /* ViewController.swift in Sources */,
				B1BAA5BB1D6D5F97003C0C52 /* NSURLResponse+Extension.swift in Sources */,
				B1E19DF41D6C80F7003A28CE /* HttpTasksHandler.swift in Sources */,
				B1E19DE91D6C30ED003A28CE /* SearchTableViewController.swift in Sources */,
				B1BAA5C21D6D8C32003C0C52 /* Constants.swift in Sources */,
				B1BAA5C81D6D9B5A003C0C52 /* RepositoryTableViewCell.swift in Sources */,
				B1BAA5C01D6D7F5B003C0C52 /* Repositories.swift in Sources */,
				B1BAA5BE1D6D6EC0003C0C52 /* BaseViewController.swift in Sources */,
				59D2E27D1D6CBC0500DDD9F0 /* HttpTaskType.swift in Sources */,
				B121B3DF1D6C272800C498C8 /* AppDelegate.swift in Sources */,
			);
			runOnlyForDeploymentPostprocessing = 0;
		};
		B121B3EB1D6C272800C498C8 /* Sources */ = {
			isa = PBXSourcesBuildPhase;
			buildActionMask = 2147483647;
			files = (
				B121B3F41D6C272800C498C8 /* GithubApiDemoTests.swift in Sources */,
			);
			runOnlyForDeploymentPostprocessing = 0;
		};
		B121B3F61D6C272800C498C8 /* Sources */ = {
			isa = PBXSourcesBuildPhase;
			buildActionMask = 2147483647;
			files = (
				B121B3FF1D6C272800C498C8 /* GithubApiDemoUITests.swift in Sources */,
			);
			runOnlyForDeploymentPostprocessing = 0;
		};
/* End PBXSourcesBuildPhase section */

/* Begin PBXTargetDependency section */
		B121B3F11D6C272800C498C8 /* PBXTargetDependency */ = {
			isa = PBXTargetDependency;
			target = B121B3DA1D6C272700C498C8 /* GithubApiDemo */;
			targetProxy = B121B3F01D6C272800C498C8 /* PBXContainerItemProxy */;
		};
		B121B3FC1D6C272800C498C8 /* PBXTargetDependency */ = {
			isa = PBXTargetDependency;
			target = B121B3DA1D6C272700C498C8 /* GithubApiDemo */;
			targetProxy = B121B3FB1D6C272800C498C8 /* PBXContainerItemProxy */;
		};
/* End PBXTargetDependency section */

/* Begin PBXVariantGroup section */
		B121B3E21D6C272800C498C8 /* Main.storyboard */ = {
			isa = PBXVariantGroup;
			children = (
				B121B3E31D6C272800C498C8 /* Base */,
			);
			name = Main.storyboard;
			sourceTree = "<group>";
		};
		B121B3E71D6C272800C498C8 /* LaunchScreen.storyboard */ = {
			isa = PBXVariantGroup;
			children = (
				B121B3E81D6C272800C498C8 /* Base */,
			);
			name = LaunchScreen.storyboard;
			sourceTree = "<group>";
		};
		B1E19DF11D6C64F4003A28CE /* localization.strings */ = {
			isa = PBXVariantGroup;
			children = (
				B1E19DF01D6C64F4003A28CE /* en */,
			);
			name = localization.strings;
			sourceTree = "<group>";
		};
/* End PBXVariantGroup section */

/* Begin XCBuildConfiguration section */
		B121B4011D6C272800C498C8 /* Debug */ = {
			isa = XCBuildConfiguration;
			buildSettings = {
				ALWAYS_SEARCH_USER_PATHS = NO;
				CLANG_ANALYZER_NONNULL = YES;
				CLANG_CXX_LANGUAGE_STANDARD = "gnu++0x";
				CLANG_CXX_LIBRARY = "libc++";
				CLANG_ENABLE_MODULES = YES;
				CLANG_ENABLE_OBJC_ARC = YES;
				CLANG_WARN_BOOL_CONVERSION = YES;
				CLANG_WARN_CONSTANT_CONVERSION = YES;
				CLANG_WARN_DIRECT_OBJC_ISA_USAGE = YES_ERROR;
				CLANG_WARN_EMPTY_BODY = YES;
				CLANG_WARN_ENUM_CONVERSION = YES;
				CLANG_WARN_INT_CONVERSION = YES;
				CLANG_WARN_OBJC_ROOT_CLASS = YES_ERROR;
				CLANG_WARN_UNREACHABLE_CODE = YES;
				CLANG_WARN__DUPLICATE_METHOD_MATCH = YES;
				"CODE_SIGN_IDENTITY[sdk=iphoneos*]" = "iPhone Developer";
				COPY_PHASE_STRIP = NO;
				DEBUG_INFORMATION_FORMAT = dwarf;
				ENABLE_STRICT_OBJC_MSGSEND = YES;
				ENABLE_TESTABILITY = YES;
				GCC_C_LANGUAGE_STANDARD = gnu99;
				GCC_DYNAMIC_NO_PIC = NO;
				GCC_NO_COMMON_BLOCKS = YES;
				GCC_OPTIMIZATION_LEVEL = 0;
				GCC_PREPROCESSOR_DEFINITIONS = (
					"DEBUG=1",
					"$(inherited)",
				);
				GCC_WARN_64_TO_32_BIT_CONVERSION = YES;
				GCC_WARN_ABOUT_RETURN_TYPE = YES_ERROR;
				GCC_WARN_UNDECLARED_SELECTOR = YES;
				GCC_WARN_UNINITIALIZED_AUTOS = YES_AGGRESSIVE;
				GCC_WARN_UNUSED_FUNCTION = YES;
				GCC_WARN_UNUSED_VARIABLE = YES;
				IPHONEOS_DEPLOYMENT_TARGET = 9.3;
				MTL_ENABLE_DEBUG_INFO = YES;
				ONLY_ACTIVE_ARCH = YES;
				SDKROOT = iphoneos;
				SWIFT_OPTIMIZATION_LEVEL = "-Onone";
			};
			name = Debug;
		};
		B121B4021D6C272800C498C8 /* Release */ = {
			isa = XCBuildConfiguration;
			buildSettings = {
				ALWAYS_SEARCH_USER_PATHS = NO;
				CLANG_ANALYZER_NONNULL = YES;
				CLANG_CXX_LANGUAGE_STANDARD = "gnu++0x";
				CLANG_CXX_LIBRARY = "libc++";
				CLANG_ENABLE_MODULES = YES;
				CLANG_ENABLE_OBJC_ARC = YES;
				CLANG_WARN_BOOL_CONVERSION = YES;
				CLANG_WARN_CONSTANT_CONVERSION = YES;
				CLANG_WARN_DIRECT_OBJC_ISA_USAGE = YES_ERROR;
				CLANG_WARN_EMPTY_BODY = YES;
				CLANG_WARN_ENUM_CONVERSION = YES;
				CLANG_WARN_INT_CONVERSION = YES;
				CLANG_WARN_OBJC_ROOT_CLASS = YES_ERROR;
				CLANG_WARN_UNREACHABLE_CODE = YES;
				CLANG_WARN__DUPLICATE_METHOD_MATCH = YES;
				"CODE_SIGN_IDENTITY[sdk=iphoneos*]" = "iPhone Developer";
				COPY_PHASE_STRIP = NO;
				DEBUG_INFORMATION_FORMAT = "dwarf-with-dsym";
				ENABLE_NS_ASSERTIONS = NO;
				ENABLE_STRICT_OBJC_MSGSEND = YES;
				GCC_C_LANGUAGE_STANDARD = gnu99;
				GCC_NO_COMMON_BLOCKS = YES;
				GCC_WARN_64_TO_32_BIT_CONVERSION = YES;
				GCC_WARN_ABOUT_RETURN_TYPE = YES_ERROR;
				GCC_WARN_UNDECLARED_SELECTOR = YES;
				GCC_WARN_UNINITIALIZED_AUTOS = YES_AGGRESSIVE;
				GCC_WARN_UNUSED_FUNCTION = YES;
				GCC_WARN_UNUSED_VARIABLE = YES;
				IPHONEOS_DEPLOYMENT_TARGET = 9.3;
				MTL_ENABLE_DEBUG_INFO = NO;
				SDKROOT = iphoneos;
				VALIDATE_PRODUCT = YES;
			};
			name = Release;
		};
		B121B4041D6C272800C498C8 /* Debug */ = {
			isa = XCBuildConfiguration;
			buildSettings = {
				ASSETCATALOG_COMPILER_APPICON_NAME = AppIcon;
				INFOPLIST_FILE = GithubApiDemo/Info.plist;
				LD_RUNPATH_SEARCH_PATHS = "$(inherited) @executable_path/Frameworks";
				PRODUCT_BUNDLE_IDENTIFIER = com.softtrends.GithubApiDemo;
				PRODUCT_NAME = "$(TARGET_NAME)";
			};
			name = Debug;
		};
		B121B4051D6C272800C498C8 /* Release */ = {
			isa = XCBuildConfiguration;
			buildSettings = {
				ASSETCATALOG_COMPILER_APPICON_NAME = AppIcon;
				INFOPLIST_FILE = GithubApiDemo/Info.plist;
				LD_RUNPATH_SEARCH_PATHS = "$(inherited) @executable_path/Frameworks";
				PRODUCT_BUNDLE_IDENTIFIER = com.softtrends.GithubApiDemo;
				PRODUCT_NAME = "$(TARGET_NAME)";
			};
			name = Release;
		};
		B121B4071D6C272800C498C8 /* Debug */ = {
			isa = XCBuildConfiguration;
			buildSettings = {
				BUNDLE_LOADER = "$(TEST_HOST)";
				INFOPLIST_FILE = GithubApiDemoTests/Info.plist;
				LD_RUNPATH_SEARCH_PATHS = "$(inherited) @executable_path/Frameworks @loader_path/Frameworks";
				PRODUCT_BUNDLE_IDENTIFIER = com.softtrends.GithubApiDemoTests;
				PRODUCT_NAME = "$(TARGET_NAME)";
				TEST_HOST = "$(BUILT_PRODUCTS_DIR)/GithubApiDemo.app/GithubApiDemo";
			};
			name = Debug;
		};
		B121B4081D6C272800C498C8 /* Release */ = {
			isa = XCBuildConfiguration;
			buildSettings = {
				BUNDLE_LOADER = "$(TEST_HOST)";
				INFOPLIST_FILE = GithubApiDemoTests/Info.plist;
				LD_RUNPATH_SEARCH_PATHS = "$(inherited) @executable_path/Frameworks @loader_path/Frameworks";
				PRODUCT_BUNDLE_IDENTIFIER = com.softtrends.GithubApiDemoTests;
				PRODUCT_NAME = "$(TARGET_NAME)";
				TEST_HOST = "$(BUILT_PRODUCTS_DIR)/GithubApiDemo.app/GithubApiDemo";
			};
			name = Release;
		};
		B121B40A1D6C272800C498C8 /* Debug */ = {
			isa = XCBuildConfiguration;
			buildSettings = {
				INFOPLIST_FILE = GithubApiDemoUITests/Info.plist;
				LD_RUNPATH_SEARCH_PATHS = "$(inherited) @executable_path/Frameworks @loader_path/Frameworks";
				PRODUCT_BUNDLE_IDENTIFIER = com.softtrends.GithubApiDemoUITests;
				PRODUCT_NAME = "$(TARGET_NAME)";
				TEST_TARGET_NAME = GithubApiDemo;
			};
			name = Debug;
		};
		B121B40B1D6C272800C498C8 /* Release */ = {
			isa = XCBuildConfiguration;
			buildSettings = {
				INFOPLIST_FILE = GithubApiDemoUITests/Info.plist;
				LD_RUNPATH_SEARCH_PATHS = "$(inherited) @executable_path/Frameworks @loader_path/Frameworks";
				PRODUCT_BUNDLE_IDENTIFIER = com.softtrends.GithubApiDemoUITests;
				PRODUCT_NAME = "$(TARGET_NAME)";
				TEST_TARGET_NAME = GithubApiDemo;
			};
			name = Release;
		};
/* End XCBuildConfiguration section */

/* Begin XCConfigurationList section */
		B121B3D61D6C272700C498C8 /* Build configuration list for PBXProject "GithubApiDemo" */ = {
			isa = XCConfigurationList;
			buildConfigurations = (
				B121B4011D6C272800C498C8 /* Debug */,
				B121B4021D6C272800C498C8 /* Release */,
			);
			defaultConfigurationIsVisible = 0;
			defaultConfigurationName = Release;
		};
		B121B4031D6C272800C498C8 /* Build configuration list for PBXNativeTarget "GithubApiDemo" */ = {
			isa = XCConfigurationList;
			buildConfigurations = (
				B121B4041D6C272800C498C8 /* Debug */,
				B121B4051D6C272800C498C8 /* Release */,
			);
			defaultConfigurationIsVisible = 0;
			defaultConfigurationName = Release;
		};
		B121B4061D6C272800C498C8 /* Build configuration list for PBXNativeTarget "GithubApiDemoTests" */ = {
			isa = XCConfigurationList;
			buildConfigurations = (
				B121B4071D6C272800C498C8 /* Debug */,
				B121B4081D6C272800C498C8 /* Release */,
			);
			defaultConfigurationIsVisible = 0;
			defaultConfigurationName = Release;
		};
		B121B4091D6C272800C498C8 /* Build configuration list for PBXNativeTarget "GithubApiDemoUITests" */ = {
			isa = XCConfigurationList;
			buildConfigurations = (
				B121B40A1D6C272800C498C8 /* Debug */,
				B121B40B1D6C272800C498C8 /* Release */,
			);
			defaultConfigurationIsVisible = 0;
			defaultConfigurationName = Release;
		};
/* End XCConfigurationList section */
	};
	rootObject = B121B3D31D6C272700C498C8 /* Project object */;
}
